
Microsoft Visual Studio Solution File, Format Version 12.00
# Visual Studio Version 16
VisualStudioVersion = 16.0.31004.235
MinimumVisualStudioVersion = 10.0.40219.1
Project("{FAE04EC0-301F-11D3-BF4B-00C04F79EFBC}") = "App1", "App1.csproj", "{AED2E193-3073-4923-A04D-610F0D75098D}"
EndProject
Global
	GlobalSection(SolutionConfigurationPlatforms) = preSolution
		Debug|Any CPU = Debug|Any CPU
		Release|Any CPU = Release|Any CPU
	EndGlobalSection
	GlobalSection(ProjectConfigurationPlatforms) = postSolution
		{AED2E193-3073-4923-A04D-610F0D75098D}.Debug|Any CPU.ActiveCfg = Debug|Any CPU
		{AED2E193-3073-4923-A04D-610F0D75098D}.Debug|Any CPU.Build.0 = Debug|Any CPU
		{AED2E193-3073-4923-A04D-610F0D75098D}.Release|Any CPU.ActiveCfg = Release|Any CPU
		{AED2E193-3073-4923-A04D-610F0D75098D}.Release|Any CPU.Build.0 = Release|Any CPU
	EndGlobalSection
	GlobalSection(SolutionProperties) = preSolution
		HideSolutionNode = FALSE
	EndGlobalSection
	GlobalSection(ExtensibilityGlobals) = postSolution
		SolutionGuid = {7EEDD04D-EE5B-40BF-AFFE-824B35C16C6B}
	EndGlobalSection
EndGlobal
